
Microsoft Visual Studio Solution File, Format Version 12.00
# Visual Studio Version 17
VisualStudioVersion = 17.6.33829.357
MinimumVisualStudioVersion = 10.0.40219.1
Project("{FAE04EC0-301F-11D3-BF4B-00C04F79EFBC}") = "Examen_Parcial_Compiladores", "Examen_Parcial_Compiladores\Examen_Parcial_Compiladores.csproj", "{3AF6C6B2-C9BA-4846-9FD0-3DCB984CDD41}"
EndProject
Global
	GlobalSection(SolutionConfigurationPlatforms) = preSolution
		Debug|Any CPU = Debug|Any CPU
		Release|Any CPU = Release|Any CPU
	EndGlobalSection
	GlobalSection(ProjectConfigurationPlatforms) = postSolution
		{3AF6C6B2-C9BA-4846-9FD0-3DCB984CDD41}.Debug|Any CPU.ActiveCfg = Debug|Any CPU
		{3AF6C6B2-C9BA-4846-9FD0-3DCB984CDD41}.Debug|Any CPU.Build.0 = Debug|Any CPU
		{3AF6C6B2-C9BA-4846-9FD0-3DCB984CDD41}.Release|Any CPU.ActiveCfg = Release|Any CPU
		{3AF6C6B2-C9BA-4846-9FD0-3DCB984CDD41}.Release|Any CPU.Build.0 = Release|Any CPU
	EndGlobalSection
	GlobalSection(SolutionProperties) = preSolution
		HideSolutionNode = FALSE
	EndGlobalSection
	GlobalSection(ExtensibilityGlobals) = postSolution
		SolutionGuid = {E8695BCC-CD49-47E3-802C-F08E39DA7221}
	EndGlobalSection
EndGlobal
